
Microsoft Visual Studio Solution File, Format Version 12.00
# Visual Studio Version 16
VisualStudioVersion = 16.0.29201.188
MinimumVisualStudioVersion = 10.0.40219.1
Project("{FAE04EC0-301F-11D3-BF4B-00C04F79EFBC}") = "RIBAStudentRegistration", "RIBAStudentRegistration.csproj", "{35EC8354-98B1-4B19-A6DF-C929B6E7257A}"
EndProject
Global
	GlobalSection(SolutionConfigurationPlatforms) = preSolution
		Debug|Any CPU = Debug|Any CPU
		Release|Any CPU = Release|Any CPU
	EndGlobalSection
	GlobalSection(ProjectConfigurationPlatforms) = postSolution
		{35EC8354-98B1-4B19-A6DF-C929B6E7257A}.Debug|Any CPU.ActiveCfg = Debug|Any CPU
		{35EC8354-98B1-4B19-A6DF-C929B6E7257A}.Debug|Any CPU.Build.0 = Debug|Any CPU
		{35EC8354-98B1-4B19-A6DF-C929B6E7257A}.Release|Any CPU.ActiveCfg = Release|Any CPU
		{35EC8354-98B1-4B19-A6DF-C929B6E7257A}.Release|Any CPU.Build.0 = Release|Any CPU
	EndGlobalSection
	GlobalSection(SolutionProperties) = preSolution
		HideSolutionNode = FALSE
	EndGlobalSection
	GlobalSection(ExtensibilityGlobals) = postSolution
		SolutionGuid = {F9B46663-C8B5-4F72-B932-11F339992E4E}
	EndGlobalSection
EndGlobal
